<?xml version="1.0" encoding="utf-8"?>
<Project ToolsVersion="4.0" xmlns="http://schemas.microsoft.com/developer/msbuild/2003">
  <ItemGroup>
    <ClCompile Include="Private\StdAfx.cpp">
      <Filter>Build</Filter>
    </ClCompile>
    <ClCompile Include="Private\Library.cpp">
      <Filter>Build</Filter>
    </ClCompile>
    <ClCompile Include="Private\ExportAll.cpp" />
    <ClCompile Include="Private\Test.cpp">
      <Filter>Test</Filter>
    </ClCompile>
    <ClCompile Include="Private\UiCommon.cpp">
      <Filter>Ave\Ui</Filter>
    </ClCompile>
    <ClCompile Include="Private\UiTheme.cpp">
      <Filter>Ave\Ui\Theme</Filter>
    </ClCompile>
    <ClCompile Include="Private\UiControl.cpp">
      <Filter>Ave\Ui\Control</Filter>
    </ClCompile>
    <ClCompile Include="Private\UiGrid.cpp">
      <Filter>Ave\Ui\Control\Grid</Filter>
    </ClCompile>
    <ClCompile Include="Private\UiWindow.cpp">
      <Filter>Ave\Ui\Control\Window</Filter>
    </ClCompile>
    <ClCompile Include="Private\UiButton.cpp">
      <Filter>Ave\Ui\Control\Button</Filter>
    </ClCompile>
    <ClCompile Include="Private\UiThemeImage.cpp">
      <Filter>Ave\Ui\Theme\Image-based</Filter>
    </ClCompile>
    <ClCompile Include="Private\UiThemeImagePredefined.cpp">
      <Filter>Ave\Ui\Theme\Image-based</Filter>
    </ClCompile>
    <ClCompile Include="Private\UiApp.cpp">
      <Filter>Ave\Ui\App</Filter>
    </ClCompile>
    <ClCompile Include="Private\App.cpp">
      <Filter>Ave\Ui\App</Filter>
    </ClCompile>
    <ClCompile Include="Private\Empty.cpp">
      <Filter>Common</Filter>
    </ClCompile>
    <ClCompile Include="Private\UiCheckBox.cpp">
      <Filter>Ave\Ui\Control\CheckBox</Filter>
    </ClCompile>
    <ClCompile Include="Private\UiComboBox.cpp">
      <Filter>Ave\Ui\Control\ComboBox</Filter>
    </ClCompile>
    <ClCompile Include="Private\UiTextBox.cpp">
      <Filter>Ave\Ui\Control\TextBox</Filter>
    </ClCompile>
    <ClCompile Include="Private\UiWindowSysTray.cpp">
      <Filter>Ave\Ui\Control\Window</Filter>
    </ClCompile>
    <ClCompile Include="Private\UiScrollBar.cpp">
      <Filter>Ave\Ui\Control\ScrollBar</Filter>
    </ClCompile>
    <ClCompile Include="Private\UiWindowTaskbar.cpp">
      <Filter>Ave\Ui\Control\Window</Filter>
    </ClCompile>
    <ClCompile Include="Private\UiProgressBar.cpp">
      <Filter>Ave\Ui\Control\ProgressBar</Filter>
    </ClCompile>
    <ClCompile Include="Private\UiLabel.cpp">
      <Filter>Ave\Ui\Visual\Label</Filter>
    </ClCompile>
    <ClCompile Include="Private\UiContainer3D.cpp">
      <Filter>Ave\Ui\Control\Container3D</Filter>
    </ClCompile>
    <ClCompile Include="Private\UiListBox.cpp">
      <Filter>Ave\Ui\Control\ListBox</Filter>
    </ClCompile>
    <ClCompile Include="Private\UiRichListBox.cpp">
      <Filter>Ave\Ui\Control\RichListBox</Filter>
    </ClCompile>
    <ClCompile Include="Private\UiHeader.cpp">
      <Filter>Ave\Ui\Control\Header</Filter>
    </ClCompile>
    <ClCompile Include="Private\UiWindowFrame.cpp">
      <Filter>Ave\Ui\Control\WindowFrame</Filter>
    </ClCompile>
    <ClCompile Include="Private\UiAnimFrame.cpp">
      <Filter>Ave\Ui\Visual\AnimFrame</Filter>
    </ClCompile>
    <ClCompile Include="Private\UiCalendar.cpp">
      <Filter>Ave\Ui\Control\Calendar</Filter>
    </ClCompile>
    <ClCompile Include="Private\UiIcon.cpp">
      <Filter>Ave\Ui\Visual\Icon</Filter>
    </ClCompile>
    <ClCompile Include="Private\UiColorPicker.cpp">
      <Filter>Ave\Ui\Control\ColorPicker</Filter>
    </ClCompile>
    <ClCompile Include="Private\UiDatePicker.cpp">
      <Filter>Ave\Ui\Control\DatePicker</Filter>
    </ClCompile>
    <ClCompile Include="Private\UiGroup.cpp">
      <Filter>Ave\Ui\Control\Group</Filter>
    </ClCompile>
    <ClCompile Include="Private\UiHyperlink.cpp">
      <Filter>Ave\Ui\Control\Hyperlink</Filter>
    </ClCompile>
    <ClCompile Include="Private\UiKnob.cpp">
      <Filter>Ave\Ui\Control\Knob</Filter>
    </ClCompile>
    <ClCompile Include="Private\UiMatrixEditor.cpp">
      <Filter>Ave\Ui\Control\MatrixEditor</Filter>
    </ClCompile>
    <ClCompile Include="Private\UiMatrixEditorDoc.cpp">
      <Filter>Ave\Ui\Control\MatrixEditor</Filter>
    </ClCompile>
    <ClCompile Include="Private\UiMenu.cpp">
      <Filter>Ave\Ui\Control\Menu</Filter>
    </ClCompile>
    <ClCompile Include="Private\UiMidiKey.cpp">
      <Filter>Ave\Ui\Control\MidiKey</Filter>
    </ClCompile>
    <ClCompile Include="Private\UiPager.cpp">
      <Filter>Ave\Ui\Control\Pager</Filter>
    </ClCompile>
    <ClCompile Include="Private\UiPlaceholder.cpp">
      <Filter>Ave\Ui\Control\Placeholder</Filter>
    </ClCompile>
    <ClCompile Include="Private\UiRadioBox.cpp">
      <Filter>Ave\Ui\Control\RadioBox</Filter>
    </ClCompile>
    <ClCompile Include="Private\UiSpin.cpp">
      <Filter>Ave\Ui\Control\Spin</Filter>
    </ClCompile>
    <ClCompile Include="Private\UiStatusBar.cpp">
      <Filter>Ave\Ui\Control\StatusBar</Filter>
    </ClCompile>
    <ClCompile Include="Private\UiTab.cpp">
      <Filter>Ave\Ui\Control\Tab</Filter>
    </ClCompile>
    <ClCompile Include="Private\UiToolBar.cpp">
      <Filter>Ave\Ui\Control\ToolBar</Filter>
    </ClCompile>
    <ClCompile Include="Private\UiTrackBar.cpp">
      <Filter>Ave\Ui\Control\TrackBar</Filter>
    </ClCompile>
    <ClCompile Include="Private\UiTree.cpp">
      <Filter>Ave\Ui\Control\Tree</Filter>
    </ClCompile>
    <ClCompile Include="Private\UiColorView.cpp">
      <Filter>Ave\Ui\Visual\ColorView</Filter>
    </ClCompile>
    <ClCompile Include="Private\UiPicture.cpp">
      <Filter>Ave\Ui\Visual\Picture</Filter>
    </ClCompile>
    <ClCompile Include="Private\UiRibbon.cpp">
      <Filter>Ave\Ui\Ribbon\Ribbon</Filter>
    </ClCompile>
    <ClCompile Include="Private\UiRibbonApp.cpp">
      <Filter>Ave\Ui\Ribbon\RibbonApp</Filter>
    </ClCompile>
    <ClCompile Include="Private\UiRibbonGroup.cpp">
      <Filter>Ave\Ui\Ribbon\RibbonGroup</Filter>
    </ClCompile>
    <ClCompile Include="Private\UiRibbonTab.cpp">
      <Filter>Ave\Ui\Ribbon\RibbonTab</Filter>
    </ClCompile>
    <ClCompile Include="Private\UiRibbonButton.cpp">
      <Filter>Ave\Ui\Ribbon\RibbonButton</Filter>
    </ClCompile>
    <ClCompile Include="Private\UiRibbonBackstage.cpp">
      <Filter>Ave\Ui\Ribbon\RibbonBackstage</Filter>
    </ClCompile>
    <ClCompile Include="Private\UiRibbonGallery.cpp">
      <Filter>Ave\Ui\Ribbon\RibbonGallery</Filter>
    </ClCompile>
    <ClCompile Include="Private\UiCommonUi.cpp">
      <Filter>Ave\Ui\Common</Filter>
    </ClCompile>
    <ClCompile Include="Private\UiCommonUiWait.cpp">
      <Filter>Ave\Ui\Common</Filter>
    </ClCompile>
    <ClCompile Include="Private\UiControlManager.cpp">
      <Filter>Ave\Ui\Common</Filter>
    </ClCompile>
    <ClCompile Include="Private\UiIconManager.cpp">
      <Filter>Ave\Ui\Common</Filter>
    </ClCompile>
    <ClCompile Include="Private\UiPlatform.cpp">
      <Filter>Ave\Ui\Common</Filter>
    </ClCompile>
    <ClCompile Include="Private\Example.cpp">
      <Filter>Test</Filter>
    </ClCompile>
    <ClCompile Include="Private\Byo2Image.cpp">
      <Filter>Ave\Byo2\Image</Filter>
    </ClCompile>
    <ClCompile Include="Private\CoCamera.cpp">
      <Filter>Ave\Common</Filter>
    </ClCompile>
    <ClCompile Include="Private\WinLoadLibraryHook.cpp">
      <Filter>Build</Filter>
    </ClCompile>
    <ClCompile Include="Private\UiWindowDragDrop.cpp">
      <Filter>Ave\Ui\Control\Window</Filter>
    </ClCompile>
    <ClCompile Include="Private\IoStream.cpp">
      <Filter>Ave\Io</Filter>
    </ClCompile>
    <ClCompile Include="Private\Common.cpp">
      <Filter>Ave</Filter>
    </ClCompile>
    <ClCompile Include="Private\UiDragContext.cpp">
      <Filter>Ave\Ui\Common</Filter>
    </ClCompile>
    <ClCompile Include="Private\UiPainter.cpp">
      <Filter>Ave\Ui\Common</Filter>
    </ClCompile>
    <ClCompile Include="Private\Byo2Font.cpp">
      <Filter>Ave\Byo2\Font</Filter>
    </ClCompile>
    <ClCompile Include="Private\ImgImage.cpp">
      <Filter>Ave\Image</Filter>
    </ClCompile>
    <ClCompile Include="Private\ImgCodec.cpp">
      <Filter>Ave\Image</Filter>
    </ClCompile>
    <ClCompile Include="Private\DeeClipboard.cpp">
      <Filter>Ave\Dee</Filter>
    </ClCompile>
    <ClCompile Include="Private\UiThemeFileImage.cpp">
      <Filter>Ave\Ui\Theme\Image-based</Filter>
    </ClCompile>
    <ClCompile Include="Private\UiThemeFile.cpp">
      <Filter>Ave\Ui\Theme</Filter>
    </ClCompile>
    <ClCompile Include="Private\UiRichLabel.cpp">
      <Filter>Ave\Ui\Visual\RichLabel</Filter>
    </ClCompile>
  </ItemGroup>
  <ItemGroup>
    <Filter Include="Build">
      <UniqueIdentifier>{b6dcc093-3d39-416f-a9a6-6a4d5a5bfef7}</UniqueIdentifier>
    </Filter>
    <Filter Include="External">
      <UniqueIdentifier>{6af69e80-4eef-400c-91e0-ef7bf9528cb6}</UniqueIdentifier>
    </Filter>
    <Filter Include="Common">
      <UniqueIdentifier>{fca84478-9ff5-4078-8cc6-fb0e641bf602}</UniqueIdentifier>
    </Filter>
    <Filter Include="Test">
      <UniqueIdentifier>{d9e5e603-5a02-4587-ab73-203e270563c5}</UniqueIdentifier>
    </Filter>
    <Filter Include="Ave">
      <UniqueIdentifier>{ca1fa32d-de55-4c09-bc56-89ab7b712361}</UniqueIdentifier>
    </Filter>
    <Filter Include="Ave\Ui">
      <UniqueIdentifier>{dfd1e2f1-13f4-4eed-81f2-4d65fa6fd287}</UniqueIdentifier>
    </Filter>
    <Filter Include="Ave\Ui\Control">
      <UniqueIdentifier>{872618b4-8a8d-47af-b435-39d2a572c859}</UniqueIdentifier>
    </Filter>
    <Filter Include="Ave\Ui\Control\Window">
      <UniqueIdentifier>{953e9a52-72f2-48f1-b8c2-6b4f7b2de331}</UniqueIdentifier>
    </Filter>
    <Filter Include="Ave\Ui\Control\Button">
      <UniqueIdentifier>{a4c19c98-d20f-4b89-b3ff-fcdae9c01fad}</UniqueIdentifier>
    </Filter>
    <Filter Include="Ave\Ui\Control\Grid">
      <UniqueIdentifier>{04020f08-80e1-4683-98c8-466a0bb0ec90}</UniqueIdentifier>
    </Filter>
    <Filter Include="Ave\Ui\Control\CheckBox">
      <UniqueIdentifier>{a0d97c6d-effc-4ebc-b97d-00cd1c6efa38}</UniqueIdentifier>
    </Filter>
    <Filter Include="Ave\Ui\Control\ComboBox">
      <UniqueIdentifier>{e61cd67a-c64f-4a04-ad24-74973821a97a}</UniqueIdentifier>
    </Filter>
    <Filter Include="Ave\Ui\Control\TextBox">
      <UniqueIdentifier>{8cf15181-8689-4893-b6e9-b58ec47f6526}</UniqueIdentifier>
    </Filter>
    <Filter Include="Ave\Ui\Control\ScrollBar">
      <UniqueIdentifier>{43cc70fc-83df-4e3b-8ede-12f9657d5655}</UniqueIdentifier>
    </Filter>
    <Filter Include="Ave\Ui\Control\ProgressBar">
      <UniqueIdentifier>{efb98764-d52c-49d7-be9c-e6c5f9eab352}</UniqueIdentifier>
    </Filter>
    <Filter Include="Ave\Ui\Control\Container3D">
      <UniqueIdentifier>{178208b0-b8a2-4ef8-96a6-5c4fec46016a}</UniqueIdentifier>
    </Filter>
    <Filter Include="Ave\Ui\Control\ListBox">
      <UniqueIdentifier>{b7674b91-0f50-4019-bb28-1e6dfff395bb}</UniqueIdentifier>
    </Filter>
    <Filter Include="Ave\Ui\Control\RichListBox">
      <UniqueIdentifier>{d4c1a94a-7709-4f05-9d56-b66d3bd70e76}</UniqueIdentifier>
    </Filter>
    <Filter Include="Ave\Ui\Control\Header">
      <UniqueIdentifier>{22b88abe-16c2-404a-98d3-82b419002631}</UniqueIdentifier>
    </Filter>
    <Filter Include="Ave\Ui\Control\WindowFrame">
      <UniqueIdentifier>{c3027680-052c-45bf-ab06-099bd8fe081b}</UniqueIdentifier>
    </Filter>
    <Filter Include="Ave\Ui\Control\Calendar">
      <UniqueIdentifier>{98f61dc8-3e01-4d24-97d2-7fc01d9d1676}</UniqueIdentifier>
    </Filter>
    <Filter Include="Ave\Ui\Control\ColorPicker">
      <UniqueIdentifier>{f37b496d-02c0-4462-8f5f-b4d36f7683a3}</UniqueIdentifier>
    </Filter>
    <Filter Include="Ave\Ui\Control\DatePicker">
      <UniqueIdentifier>{28cc7b8a-34be-4a03-94f7-9a0188e8b355}</UniqueIdentifier>
    </Filter>
    <Filter Include="Ave\Ui\Control\Dock">
      <UniqueIdentifier>{db0ef711-e76f-43f9-bc73-4e25323b4690}</UniqueIdentifier>
    </Filter>
    <Filter Include="Ave\Ui\Control\Group">
      <UniqueIdentifier>{a0c3e176-0899-4f58-84b6-130b9f59c24a}</UniqueIdentifier>
    </Filter>
    <Filter Include="Ave\Ui\Control\Hyperlink">
      <UniqueIdentifier>{839cba0d-1175-4153-acf0-d4fe0243d98a}</UniqueIdentifier>
    </Filter>
    <Filter Include="Ave\Ui\Control\Knob">
      <UniqueIdentifier>{07ed945d-1f0d-4561-8d32-7e2460a343aa}</UniqueIdentifier>
    </Filter>
    <Filter Include="Ave\Ui\Control\MatrixEditor">
      <UniqueIdentifier>{63f00797-4b75-429d-8c17-be64340e13ca}</UniqueIdentifier>
    </Filter>
    <Filter Include="Ave\Ui\Control\Menu">
      <UniqueIdentifier>{86216eba-6ca0-43c4-bb21-843dd8d1d966}</UniqueIdentifier>
    </Filter>
    <Filter Include="Ave\Ui\Control\MidiKey">
      <UniqueIdentifier>{74e99764-b112-4338-8d50-3a57b1d14c5d}</UniqueIdentifier>
    </Filter>
    <Filter Include="Ave\Ui\Control\Tree">
      <UniqueIdentifier>{b489359d-8104-4ee5-907e-7337ada2a633}</UniqueIdentifier>
    </Filter>
    <Filter Include="Ave\Ui\Control\TrackEditor">
      <UniqueIdentifier>{7559bf49-d1cb-4c68-8b38-a9d03aa05bfe}</UniqueIdentifier>
    </Filter>
    <Filter Include="Ave\Ui\Control\TrackBar">
      <UniqueIdentifier>{5c498340-c362-4fba-9c93-b093c12de567}</UniqueIdentifier>
    </Filter>
    <Filter Include="Ave\Ui\Control\ToolBar">
      <UniqueIdentifier>{8912ef17-25ff-4306-8c9f-814c25caf2fd}</UniqueIdentifier>
    </Filter>
    <Filter Include="Ave\Ui\Control\Tab">
      <UniqueIdentifier>{7cae1d1f-d7dc-4e3c-b2cd-895d4e2130ae}</UniqueIdentifier>
    </Filter>
    <Filter Include="Ave\Ui\Control\StatusBar">
      <UniqueIdentifier>{a49e0a1e-110b-4a5e-be57-e287a94d6ae7}</UniqueIdentifier>
    </Filter>
    <Filter Include="Ave\Ui\Control\Spin">
      <UniqueIdentifier>{07b7f5a3-0950-4a20-bc32-0829ff1885f1}</UniqueIdentifier>
    </Filter>
    <Filter Include="Ave\Ui\Control\RadioBox">
      <UniqueIdentifier>{51bb1f9b-638a-4c3e-9167-06bfb036a67a}</UniqueIdentifier>
    </Filter>
    <Filter Include="Ave\Ui\Control\PropertyEditor">
      <UniqueIdentifier>{dff9af6e-073a-4eb0-bf25-ece83057c8fb}</UniqueIdentifier>
    </Filter>
    <Filter Include="Ave\Ui\Control\Placeholder">
      <UniqueIdentifier>{23e0fde0-ec9d-453c-a368-14a2a3e94cd7}</UniqueIdentifier>
    </Filter>
    <Filter Include="Ave\Ui\Control\Pager">
      <UniqueIdentifier>{6171ab26-5a59-4fed-b04e-16b5a03be162}</UniqueIdentifier>
    </Filter>
    <Filter Include="Ave\Ui\Theme">
      <UniqueIdentifier>{d0b24f58-1809-4057-af2a-1dea6cf58562}</UniqueIdentifier>
    </Filter>
    <Filter Include="Ave\Ui\Theme\Image-based">
      <UniqueIdentifier>{ff45760e-0bcf-463e-a7a8-3b1092334e96}</UniqueIdentifier>
    </Filter>
    <Filter Include="Ave\Ui\App">
      <UniqueIdentifier>{297288b7-2bba-40d1-99b9-8ac5130fa012}</UniqueIdentifier>
    </Filter>
    <Filter Include="Ave\Ui\Common">
      <UniqueIdentifier>{58d568e2-65f1-4739-956d-f1ddb0683d07}</UniqueIdentifier>
    </Filter>
    <Filter Include="Ave\Ui\Visual">
      <UniqueIdentifier>{f294d4f7-2708-4235-bebf-90b2f826f80e}</UniqueIdentifier>
    </Filter>
    <Filter Include="Ave\Ui\Visual\Icon">
      <UniqueIdentifier>{cef2e3d1-39ed-4818-89c1-7bc2123b5c4a}</UniqueIdentifier>
    </Filter>
    <Filter Include="Ave\Ui\Visual\Label">
      <UniqueIdentifier>{e4d0fe0f-e166-4549-a9cc-ccdfabcd08f6}</UniqueIdentifier>
    </Filter>
    <Filter Include="Ave\Ui\Visual\AnimFrame">
      <UniqueIdentifier>{8f1bbedd-e6ab-4eff-aa90-04fabf3a094c}</UniqueIdentifier>
    </Filter>
    <Filter Include="Ave\Ui\Visual\Picture">
      <UniqueIdentifier>{8d322440-c765-4edb-af0f-904dc287ae1d}</UniqueIdentifier>
    </Filter>
    <Filter Include="Ave\Ui\Visual\ColorView">
      <UniqueIdentifier>{77387f44-d5f0-4243-8748-616343932d6c}</UniqueIdentifier>
    </Filter>
    <Filter Include="Ave\Ui\Ribbon">
      <UniqueIdentifier>{182cfdde-cc7e-42b4-87ef-b93797543cc4}</UniqueIdentifier>
    </Filter>
    <Filter Include="Ave\Ui\Ribbon\RibbonGallery">
      <UniqueIdentifier>{80237249-6744-49a9-8cec-b7ccd402fb18}</UniqueIdentifier>
    </Filter>
    <Filter Include="Ave\Ui\Ribbon\RibbonButton">
      <UniqueIdentifier>{db19da8a-5c04-4684-ac77-c89fcd6cfb88}</UniqueIdentifier>
    </Filter>
    <Filter Include="Ave\Ui\Ribbon\RibbonGroup">
      <UniqueIdentifier>{34c4022c-5f99-49cd-b0dc-61b2930a8f83}</UniqueIdentifier>
    </Filter>
    <Filter Include="Ave\Ui\Ribbon\RibbonTab">
      <UniqueIdentifier>{02ee1b29-e169-4371-9736-d15fb3501ce0}</UniqueIdentifier>
    </Filter>
    <Filter Include="Ave\Ui\Ribbon\RibbonBackstage">
      <UniqueIdentifier>{32389d32-acf0-49b4-8e9b-dfbc711bfb7a}</UniqueIdentifier>
    </Filter>
    <Filter Include="Ave\Ui\Ribbon\RibbonApp">
      <UniqueIdentifier>{6651b612-7cfe-4cea-a3a9-92f30e42c406}</UniqueIdentifier>
    </Filter>
    <Filter Include="Ave\Ui\Ribbon\Ribbon">
      <UniqueIdentifier>{1b106360-c1bc-44b2-a9f4-13cf11762c72}</UniqueIdentifier>
    </Filter>
    <Filter Include="Ave\Byo2">
      <UniqueIdentifier>{87623c80-58e2-40a6-ba8b-c476380b4d0e}</UniqueIdentifier>
    </Filter>
    <Filter Include="Ave\Byo2\Image">
      <UniqueIdentifier>{ad7f1cc1-c6c6-4bb3-8d59-64fb61cd47eb}</UniqueIdentifier>
    </Filter>
    <Filter Include="Ave\Common">
      <UniqueIdentifier>{eeb02b42-0ed4-49cc-b9c3-c5c5b474e2d1}</UniqueIdentifier>
    </Filter>
    <Filter Include="Ave\Io">
      <UniqueIdentifier>{b38acd2f-e2e7-459d-bc07-776de3f791d4}</UniqueIdentifier>
    </Filter>
    <Filter Include="Ave\Byo2\Font">
      <UniqueIdentifier>{26469b2b-d406-48f6-924b-284b1e55e75b}</UniqueIdentifier>
    </Filter>
    <Filter Include="Ave\Image">
      <UniqueIdentifier>{913bc4f2-72b3-4408-9cc7-8eada8761494}</UniqueIdentifier>
    </Filter>
    <Filter Include="Ave\Dee">
      <UniqueIdentifier>{5d72e95c-d1dc-4ed6-a2ed-deb952ec9be1}</UniqueIdentifier>
    </Filter>
    <Filter Include="Ave\Ui\Visual\RichLabel">
      <UniqueIdentifier>{56a8f1d7-bc26-4ba0-bd89-8551a6ed0582}</UniqueIdentifier>
    </Filter>
  </ItemGroup>
  <ItemGroup>
    <None Include="Private\Export.def">
      <Filter>Build</Filter>
    </None>
  </ItemGroup>
  <ItemGroup>
    <ClInclude Include="Private\StdAfx.h">
      <Filter>Build</Filter>
    </ClInclude>
    <ClInclude Include="Private\Test.h">
      <Filter>Test</Filter>
    </ClInclude>
    <ClInclude Include="Private\WrapBase.h">
      <Filter>Common</Filter>
    </ClInclude>
    <ClInclude Include="Private\WrapObject.h">
      <Filter>Common</Filter>
    </ClInclude>
    <ClInclude Include="Private\WrapData.h">
      <Filter>Common</Filter>
    </ClInclude>
    <ClInclude Include="Private\UiCommon.h">
      <Filter>Ave\Ui</Filter>
    </ClInclude>
    <ClInclude Include="Private\UiTheme.h">
      <Filter>Ave\Ui\Theme</Filter>
    </ClInclude>
    <ClInclude Include="Private\UiControl.h">
      <Filter>Ave\Ui\Control</Filter>
    </ClInclude>
    <ClInclude Include="Private\UiGrid.h">
      <Filter>Ave\Ui\Control\Grid</Filter>
    </ClInclude>
    <ClInclude Include="Private\UiWindow.h">
      <Filter>Ave\Ui\Control\Window</Filter>
    </ClInclude>
    <ClInclude Include="Private\UiControlHelper.h">
      <Filter>Ave\Ui\Control</Filter>
    </ClInclude>
    <ClInclude Include="Private\UiButton.h">
      <Filter>Ave\Ui\Control\Button</Filter>
    </ClInclude>
    <ClInclude Include="Private\UiVisual.h">
      <Filter>Ave\Ui\Control</Filter>
    </ClInclude>
    <ClInclude Include="Private\UiVisualHelper.h">
      <Filter>Ave\Ui\Control</Filter>
    </ClInclude>
    <ClInclude Include="Private\UiThemeImage.h">
      <Filter>Ave\Ui\Theme\Image-based</Filter>
    </ClInclude>
    <ClInclude Include="Private\UiThemeImagePredefined.h">
      <Filter>Ave\Ui\Theme\Image-based</Filter>
    </ClInclude>
    <ClInclude Include="Private\UiApp.h">
      <Filter>Ave\Ui\App</Filter>
    </ClInclude>
    <ClInclude Include="Private\App.h">
      <Filter>Ave\Ui\App</Filter>
    </ClInclude>
    <ClInclude Include="Private\Empty.h">
      <Filter>Common</Filter>
    </ClInclude>
    <ClInclude Include="Private\UiCheckBox.h">
      <Filter>Ave\Ui\Control\CheckBox</Filter>
    </ClInclude>
    <ClInclude Include="Private\UiComboBox.h">
      <Filter>Ave\Ui\Control\ComboBox</Filter>
    </ClInclude>
    <ClInclude Include="Private\UiTextBox.h">
      <Filter>Ave\Ui\Control\TextBox</Filter>
    </ClInclude>
    <ClInclude Include="Private\UiWindowSysTray.h">
      <Filter>Ave\Ui\Control\Window</Filter>
    </ClInclude>
    <ClInclude Include="Private\UiScrollBar.h">
      <Filter>Ave\Ui\Control\ScrollBar</Filter>
    </ClInclude>
    <ClInclude Include="Private\UiWindowTaskbar.h">
      <Filter>Ave\Ui\Control\Window</Filter>
    </ClInclude>
    <ClInclude Include="Private\UiProgressBar.h">
      <Filter>Ave\Ui\Control\ProgressBar</Filter>
    </ClInclude>
    <ClInclude Include="Private\UiLabel.h">
      <Filter>Ave\Ui\Visual\Label</Filter>
    </ClInclude>
    <ClInclude Include="Private\UiContainer3D.h">
      <Filter>Ave\Ui\Control\Container3D</Filter>
    </ClInclude>
    <ClInclude Include="Private\UiListBox.h">
      <Filter>Ave\Ui\Control\ListBox</Filter>
    </ClInclude>
    <ClInclude Include="Private\UiRichListBox.h">
      <Filter>Ave\Ui\Control\RichListBox</Filter>
    </ClInclude>
    <ClInclude Include="Private\UiHeader.h">
      <Filter>Ave\Ui\Control\Header</Filter>
    </ClInclude>
    <ClInclude Include="Private\UiWindowFrame.h">
      <Filter>Ave\Ui\Control\WindowFrame</Filter>
    </ClInclude>
    <ClInclude Include="Private\UiAnimFrame.h">
      <Filter>Ave\Ui\Visual\AnimFrame</Filter>
    </ClInclude>
    <ClInclude Include="Private\UiCalendar.h">
      <Filter>Ave\Ui\Control\Calendar</Filter>
    </ClInclude>
    <ClInclude Include="Private\UiIcon.h">
      <Filter>Ave\Ui\Visual\Icon</Filter>
    </ClInclude>
    <ClInclude Include="Private\UiColorPicker.h">
      <Filter>Ave\Ui\Control\ColorPicker</Filter>
    </ClInclude>
    <ClInclude Include="Private\UiDatePicker.h">
      <Filter>Ave\Ui\Control\DatePicker</Filter>
    </ClInclude>
    <ClInclude Include="Private\UiGroup.h">
      <Filter>Ave\Ui\Control\Group</Filter>
    </ClInclude>
    <ClInclude Include="Private\UiHyperlink.h">
      <Filter>Ave\Ui\Control\Hyperlink</Filter>
    </ClInclude>
    <ClInclude Include="Private\UiKnob.h">
      <Filter>Ave\Ui\Control\Knob</Filter>
    </ClInclude>
    <ClInclude Include="Private\UiMatrixEditor.h">
      <Filter>Ave\Ui\Control\MatrixEditor</Filter>
    </ClInclude>
    <ClInclude Include="Private\UiMatrixEditorDoc.h">
      <Filter>Ave\Ui\Control\MatrixEditor</Filter>
    </ClInclude>
    <ClInclude Include="Private\UiMenu.h">
      <Filter>Ave\Ui\Control\Menu</Filter>
    </ClInclude>
    <ClInclude Include="Private\UiMidiKey.h">
      <Filter>Ave\Ui\Control\MidiKey</Filter>
    </ClInclude>
    <ClInclude Include="Private\UiPager.h">
      <Filter>Ave\Ui\Control\Pager</Filter>
    </ClInclude>
    <ClInclude Include="Private\UiPlaceholder.h">
      <Filter>Ave\Ui\Control\Placeholder</Filter>
    </ClInclude>
    <ClInclude Include="Private\UiRadioBox.h">
      <Filter>Ave\Ui\Control\RadioBox</Filter>
    </ClInclude>
    <ClInclude Include="Private\UiSpin.h">
      <Filter>Ave\Ui\Control\Spin</Filter>
    </ClInclude>
    <ClInclude Include="Private\UiStatusBar.h">
      <Filter>Ave\Ui\Control\StatusBar</Filter>
    </ClInclude>
    <ClInclude Include="Private\UiTab.h">
      <Filter>Ave\Ui\Control\Tab</Filter>
    </ClInclude>
    <ClInclude Include="Private\UiToolBar.h">
      <Filter>Ave\Ui\Control\ToolBar</Filter>
    </ClInclude>
    <ClInclude Include="Private\UiTrackBar.h">
      <Filter>Ave\Ui\Control\TrackBar</Filter>
    </ClInclude>
    <ClInclude Include="Private\UiTree.h">
      <Filter>Ave\Ui\Control\Tree</Filter>
    </ClInclude>
    <ClInclude Include="Private\UiColorView.h">
      <Filter>Ave\Ui\Visual\ColorView</Filter>
    </ClInclude>
    <ClInclude Include="Private\UiPicture.h">
      <Filter>Ave\Ui\Visual\Picture</Filter>
    </ClInclude>
    <ClInclude Include="Private\UiRibbon.h">
      <Filter>Ave\Ui\Ribbon\Ribbon</Filter>
    </ClInclude>
    <ClInclude Include="Private\UiRibbonApp.h">
      <Filter>Ave\Ui\Ribbon\RibbonApp</Filter>
    </ClInclude>
    <ClInclude Include="Private\UiRibbonGroup.h">
      <Filter>Ave\Ui\Ribbon\RibbonGroup</Filter>
    </ClInclude>
    <ClInclude Include="Private\UiRibbonTab.h">
      <Filter>Ave\Ui\Ribbon\RibbonTab</Filter>
    </ClInclude>
    <ClInclude Include="Private\UiRibbonButton.h">
      <Filter>Ave\Ui\Ribbon\RibbonButton</Filter>
    </ClInclude>
    <ClInclude Include="Private\UiRibbonBackstage.h">
      <Filter>Ave\Ui\Ribbon\RibbonBackstage</Filter>
    </ClInclude>
    <ClInclude Include="Private\UiRibbonGallery.h">
      <Filter>Ave\Ui\Ribbon\RibbonGallery</Filter>
    </ClInclude>
    <ClInclude Include="Private\UiCommonUi.h">
      <Filter>Ave\Ui\Common</Filter>
    </ClInclude>
    <ClInclude Include="Private\UiCommonUiWait.h">
      <Filter>Ave\Ui\Common</Filter>
    </ClInclude>
    <ClInclude Include="Private\UiControlManager.h">
      <Filter>Ave\Ui\Common</Filter>
    </ClInclude>
    <ClInclude Include="Private\UiIconManager.h">
      <Filter>Ave\Ui\Common</Filter>
    </ClInclude>
    <ClInclude Include="Private\UiPlatform.h">
      <Filter>Ave\Ui\Common</Filter>
    </ClInclude>
    <ClInclude Include="Private\Example.h">
      <Filter>Test</Filter>
    </ClInclude>
    <ClInclude Include="Private\Byo2Image.h">
      <Filter>Ave\Byo2\Image</Filter>
    </ClInclude>
    <ClInclude Include="Private\CoCamera.h">
      <Filter>Ave\Common</Filter>
    </ClInclude>
    <ClInclude Include="Private\UiWindowDragDrop.h">
      <Filter>Ave\Ui\Control\Window</Filter>
    </ClInclude>
    <ClInclude Include="Private\IoStream.h">
      <Filter>Ave\Io</Filter>
    </ClInclude>
    <ClInclude Include="Private\Common.h">
      <Filter>Ave</Filter>
    </ClInclude>
    <ClInclude Include="Private\IoCommon.h">
      <Filter>Ave\Io</Filter>
    </ClInclude>
    <ClInclude Include="Private\UiDragContext.h">
      <Filter>Ave\Ui\Common</Filter>
    </ClInclude>
    <ClInclude Include="Private\UiPainter.h">
      <Filter>Ave\Ui\Common</Filter>
    </ClInclude>
    <ClInclude Include="Private\Byo2Font.h">
      <Filter>Ave\Byo2\Font</Filter>
    </ClInclude>
    <ClInclude Include="Private\ImgImage.h">
      <Filter>Ave\Image</Filter>
    </ClInclude>
    <ClInclude Include="Private\ImgCommon.h">
      <Filter>Ave\Image</Filter>
    </ClInclude>
    <ClInclude Include="Private\ImgCodec.h">
      <Filter>Ave\Image</Filter>
    </ClInclude>
    <ClInclude Include="Private\DeeClipboard.h">
      <Filter>Ave\Dee</Filter>
    </ClInclude>
    <ClInclude Include="Private\UiThemeFileImage.h">
      <Filter>Ave\Ui\Theme\Image-based</Filter>
    </ClInclude>
    <ClInclude Include="Private\UiThemeFile.h">
      <Filter>Ave\Ui\Theme</Filter>
    </ClInclude>
    <ClInclude Include="Private\UiRichLabel.h">
      <Filter>Ave\Ui\Visual\RichLabel</Filter>
    </ClInclude>
  </ItemGroup>
</Project>